// !$*UTF8*$!
{
	archiveVersion = 1;
	classes = {
	};
	objectVersion = 56;
	objects = {

/* Begin PBXBuildFile section */
		F559DAD829911684000C7464 /* AdviceApp.swift in Sources */ = {isa = PBXBuildFile; fileRef = F559DAD729911684000C7464 /* AdviceApp.swift */; };
		F559DADA29911684000C7464 /* ContentView.swift in Sources */ = {isa = PBXBuildFile; fileRef = F559DAD929911684000C7464 /* ContentView.swift */; };
		F559DADC29911685000C7464 /* Assets.xcassets in Resources */ = {isa = PBXBuildFile; fileRef = F559DADB29911685000C7464 /* Assets.xcassets */; };
		F559DADF29911685000C7464 /* Preview Assets.xcassets in Resources */ = {isa = PBXBuildFile; fileRef = F559DADE29911685000C7464 /* Preview Assets.xcassets */; };
		F559DAEC299116A5000C7464 /* WidgetKit.framework in Frameworks */ = {isa = PBXBuildFile; fileRef = F559DAEB299116A5000C7464 /* WidgetKit.framework */; };
		F559DAEE299116A5000C7464 /* SwiftUI.framework in Frameworks */ = {isa = PBXBuildFile; fileRef = F559DAED299116A5000C7464 /* SwiftUI.framework */; };
		F559DAF1299116A5000C7464 /* AdviceWidgetBundle.swift in Sources */ = {isa = PBXBuildFile; fileRef = F559DAF0299116A5000C7464 /* AdviceWidgetBundle.swift */; };
		F559DAF3299116A5000C7464 /* AdviceWidgetLiveActivity.swift in Sources */ = {isa = PBXBuildFile; fileRef = F559DAF2299116A5000C7464 /* AdviceWidgetLiveActivity.swift */; };
		F559DAF5299116A5000C7464 /* AdviceWidget.swift in Sources */ = {isa = PBXBuildFile; fileRef = F559DAF4299116A5000C7464 /* AdviceWidget.swift */; };
		F559DAF8299116A6000C7464 /* Assets.xcassets in Resources */ = {isa = PBXBuildFile; fileRef = F559DAF7299116A6000C7464 /* Assets.xcassets */; };
		F559DAFA299116A6000C7464 /* AdviceWidget.intentdefinition in Sources */ = {isa = PBXBuildFile; fileRef = F559DAF6299116A5000C7464 /* AdviceWidget.intentdefinition */; };
		F559DAFB299116A6000C7464 /* AdviceWidget.intentdefinition in Sources */ = {isa = PBXBuildFile; fileRef = F559DAF6299116A5000C7464 /* AdviceWidget.intentdefinition */; };
		F559DAFE299116A6000C7464 /* AdviceWidgetExtension.appex in Embed Foundation Extensions */ = {isa = PBXBuildFile; fileRef = F559DAE9299116A5000C7464 /* AdviceWidgetExtension.appex */; settings = {ATTRIBUTES = (RemoveHeadersOnCopy, ); }; };
/* End PBXBuildFile section */

/* Begin PBXContainerItemProxy section */
		F559DAFC299116A6000C7464 /* PBXContainerItemProxy */ = {
			isa = PBXContainerItemProxy;
			containerPortal = F559DACC29911684000C7464 /* Project object */;
			proxyType = 1;
			remoteGlobalIDString = F559DAE8299116A5000C7464;
			remoteInfo = AdviceWidgetExtension;
		};
/* End PBXContainerItemProxy section */

/* Begin PBXCopyFilesBuildPhase section */
		F559DB02299116A6000C7464 /* Embed Foundation Extensions */ = {
			isa = PBXCopyFilesBuildPhase;
			buildActionMask = 2147483647;
			dstPath = "";
			dstSubfolderSpec = 13;
			files = (
				F559DAFE299116A6000C7464 /* AdviceWidgetExtension.appex in Embed Foundation Extensions */,
			);
			name = "Embed Foundation Extensions";
			runOnlyForDeploymentPostprocessing = 0;
		};
/* End PBXCopyFilesBuildPhase section */

/* Begin PBXFileReference section */
		F559DAD429911684000C7464 /* Advice.app */ = {isa = PBXFileReference; explicitFileType = wrapper.application; includeInIndex = 0; path = Advice.app; sourceTree = BUILT_PRODUCTS_DIR; };
		F559DAD729911684000C7464 /* AdviceApp.swift */ = {isa = PBXFileReference; lastKnownFileType = sourcecode.swift; path = AdviceApp.swift; sourceTree = "<group>"; };
		F559DAD929911684000C7464 /* ContentView.swift */ = {isa = PBXFileReference; lastKnownFileType = sourcecode.swift; path = ContentView.swift; sourceTree = "<group>"; };
		F559DADB29911685000C7464 /* Assets.xcassets */ = {isa = PBXFileReference; lastKnownFileType = folder.assetcatalog; path = Assets.xcassets; sourceTree = "<group>"; };
		F559DADE29911685000C7464 /* Preview Assets.xcassets */ = {isa = PBXFileReference; lastKnownFileType = folder.assetcatalog; path = "Preview Assets.xcassets"; sourceTree = "<group>"; };
		F559DAE9299116A5000C7464 /* AdviceWidgetExtension.appex */ = {isa = PBXFileReference; explicitFileType = "wrapper.app-extension"; includeInIndex = 0; path = AdviceWidgetExtension.appex; sourceTree = BUILT_PRODUCTS_DIR; };
		F559DAEB299116A5000C7464 /* WidgetKit.framework */ = {isa = PBXFileReference; lastKnownFileType = wrapper.framework; name = WidgetKit.framework; path = System/Library/Frameworks/WidgetKit.framework; sourceTree = SDKROOT; };
		F559DAED299116A5000C7464 /* SwiftUI.framework */ = {isa = PBXFileReference; lastKnownFileType = wrapper.framework; name = SwiftUI.framework; path = System/Library/Frameworks/SwiftUI.framework; sourceTree = SDKROOT; };
		F559DAF0299116A5000C7464 /* AdviceWidgetBundle.swift */ = {isa = PBXFileReference; lastKnownFileType = sourcecode.swift; path = AdviceWidgetBundle.swift; sourceTree = "<group>"; };
		F559DAF2299116A5000C7464 /* AdviceWidgetLiveActivity.swift */ = {isa = PBXFileReference; lastKnownFileType = sourcecode.swift; path = AdviceWidgetLiveActivity.swift; sourceTree = "<group>"; };
		F559DAF4299116A5000C7464 /* AdviceWidget.swift */ = {isa = PBXFileReference; lastKnownFileType = sourcecode.swift; path = AdviceWidget.swift; sourceTree = "<group>"; };
		F559DAF6299116A5000C7464 /* AdviceWidget.intentdefinition */ = {isa = PBXFileReference; lastKnownFileType = file.intentdefinition; path = AdviceWidget.intentdefinition; sourceTree = "<group>"; };
		F559DAF7299116A6000C7464 /* Assets.xcassets */ = {isa = PBXFileReference; lastKnownFileType = folder.assetcatalog; path = Assets.xcassets; sourceTree = "<group>"; };
		F559DAF9299116A6000C7464 /* Info.plist */ = {isa = PBXFileReference; lastKnownFileType = text.plist.xml; path = Info.plist; sourceTree = "<group>"; };
/* End PBXFileReference section */

/* Begin PBXFrameworksBuildPhase section */
		F559DAD129911684000C7464 /* Frameworks */ = {
			isa = PBXFrameworksBuildPhase;
			buildActionMask = 2147483647;
			files = (
			);
			runOnlyForDeploymentPostprocessing = 0;
		};
		F559DAE6299116A5000C7464 /* Frameworks */ = {
			isa = PBXFrameworksBuildPhase;
			buildActionMask = 2147483647;
			files = (
				F559DAEE299116A5000C7464 /* SwiftUI.framework in Frameworks */,
				F559DAEC299116A5000C7464 /* WidgetKit.framework in Frameworks */,
			);
			runOnlyForDeploymentPostprocessing = 0;
		};
/* End PBXFrameworksBuildPhase section */

/* Begin PBXGroup section */
		F559DACB29911684000C7464 = {
			isa = PBXGroup;
			children = (
				F559DAD629911684000C7464 /* Advice */,
				F559DAEF299116A5000C7464 /* AdviceWidget */,
				F559DAEA299116A5000C7464 /* Frameworks */,
				F559DAD529911684000C7464 /* Products */,
			);
			sourceTree = "<group>";
		};
		F559DAD529911684000C7464 /* Products */ = {
			isa = PBXGroup;
			children = (
				F559DAD429911684000C7464 /* Advice.app */,
				F559DAE9299116A5000C7464 /* AdviceWidgetExtension.appex */,
			);
			name = Products;
			sourceTree = "<group>";
		};
		F559DAD629911684000C7464 /* Advice */ = {
			isa = PBXGroup;
			children = (
				F559DAD729911684000C7464 /* AdviceApp.swift */,
				F559DAD929911684000C7464 /* ContentView.swift */,
				F559DADB29911685000C7464 /* Assets.xcassets */,
				F559DADD29911685000C7464 /* Preview Content */,
			);
			path = Advice;
			sourceTree = "<group>";
		};
		F559DADD29911685000C7464 /* Preview Content */ = {
			isa = PBXGroup;
			children = (
				F559DADE29911685000C7464 /* Preview Assets.xcassets */,
			);
			path = "Preview Content";
			sourceTree = "<group>";
		};
		F559DAEA299116A5000C7464 /* Frameworks */ = {
			isa = PBXGroup;
			children = (
				F559DAEB299116A5000C7464 /* WidgetKit.framework */,
				F559DAED299116A5000C7464 /* SwiftUI.framework */,
			);
			name = Frameworks;
			sourceTree = "<group>";
		};
		F559DAEF299116A5000C7464 /* AdviceWidget */ = {
			isa = PBXGroup;
			children = (
				F559DAF0299116A5000C7464 /* AdviceWidgetBundle.swift */,
				F559DAF2299116A5000C7464 /* AdviceWidgetLiveActivity.swift */,
				F559DAF6299116A5000C7464 /* AdviceWidget.intentdefinition */,
				F559DAF4299116A5000C7464 /* AdviceWidget.swift */,
				F559DAF7299116A6000C7464 /* Assets.xcassets */,
				F559DAF9299116A6000C7464 /* Info.plist */,
			);
			path = AdviceWidget;
			sourceTree = "<group>";
		};
/* End PBXGroup section */

/* Begin PBXNativeTarget section */
		F559DAD329911684000C7464 /* Advice */ = {
			isa = PBXNativeTarget;
			buildConfigurationList = F559DAE229911685000C7464 /* Build configuration list for PBXNativeTarget "Advice" */;
			buildPhases = (
				F559DAD029911684000C7464 /* Sources */,
				F559DAD129911684000C7464 /* Frameworks */,
				F559DAD229911684000C7464 /* Resources */,
				F559DB02299116A6000C7464 /* Embed Foundation Extensions */,
			);
			buildRules = (
			);
			dependencies = (
				F559DAFD299116A6000C7464 /* PBXTargetDependency */,
			);
			name = Advice;
			productName = Advice;
			productReference = F559DAD429911684000C7464 /* Advice.app */;
			productType = "com.apple.product-type.application";
		};
		F559DAE8299116A5000C7464 /* AdviceWidgetExtension */ = {
			isa = PBXNativeTarget;
			buildConfigurationList = F559DAFF299116A6000C7464 /* Build configuration list for PBXNativeTarget "AdviceWidgetExtension" */;
			buildPhases = (
				F559DAE5299116A5000C7464 /* Sources */,
				F559DAE6299116A5000C7464 /* Frameworks */,
				F559DAE7299116A5000C7464 /* Resources */,
			);
			buildRules = (
			);
			dependencies = (
			);
			name = AdviceWidgetExtension;
			productName = AdviceWidgetExtension;
			productReference = F559DAE9299116A5000C7464 /* AdviceWidgetExtension.appex */;
			productType = "com.apple.product-type.app-extension";
		};
/* End PBXNativeTarget section */

/* Begin PBXProject section */
		F559DACC29911684000C7464 /* Project object */ = {
			isa = PBXProject;
			attributes = {
				BuildIndependentTargetsInParallel = 1;
				LastSwiftUpdateCheck = 1420;
				LastUpgradeCheck = 1420;
				TargetAttributes = {
					F559DAD329911684000C7464 = {
						CreatedOnToolsVersion = 14.2;
					};
					F559DAE8299116A5000C7464 = {
						CreatedOnToolsVersion = 14.2;
					};
				};
			};
			buildConfigurationList = F559DACF29911684000C7464 /* Build configuration list for PBXProject "Advice" */;
			compatibilityVersion = "Xcode 14.0";
			developmentRegion = en;
			hasScannedForEncodings = 0;
			knownRegions = (
				en,
				Base,
			);
			mainGroup = F559DACB29911684000C7464;
			productRefGroup = F559DAD529911684000C7464 /* Products */;
			projectDirPath = "";
			projectRoot = "";
			targets = (
				F559DAD329911684000C7464 /* Advice */,
				F559DAE8299116A5000C7464 /* AdviceWidgetExtension */,
			);
		};
/* End PBXProject section */

/* Begin PBXResourcesBuildPhase section */
		F559DAD229911684000C7464 /* Resources */ = {
			isa = PBXResourcesBuildPhase;
			buildActionMask = 2147483647;
			files = (
				F559DADF29911685000C7464 /* Preview Assets.xcassets in Resources */,
				F559DADC29911685000C7464 /* Assets.xcassets in Resources */,
			);
			runOnlyForDeploymentPostprocessing = 0;
		};
		F559DAE7299116A5000C7464 /* Resources */ = {
			isa = PBXResourcesBuildPhase;
			buildActionMask = 2147483647;
			files = (
				F559DAF8299116A6000C7464 /* Assets.xcassets in Resources */,
			);
			runOnlyForDeploymentPostprocessing = 0;
		};
/* End PBXResourcesBuildPhase section */

/* Begin PBXSourcesBuildPhase section */
		F559DAD029911684000C7464 /* Sources */ = {
			isa = PBXSourcesBuildPhase;
			buildActionMask = 2147483647;
			files = (
				F559DAFB299116A6000C7464 /* AdviceWidget.intentdefinition in Sources */,
				F559DADA29911684000C7464 /* ContentView.swift in Sources */,
				F559DAD829911684000C7464 /* AdviceApp.swift in Sources */,
			);
			runOnlyForDeploymentPostprocessing = 0;
		};
		F559DAE5299116A5000C7464 /* Sources */ = {
			isa = PBXSourcesBuildPhase;
			buildActionMask = 2147483647;
			files = (
				F559DAF3299116A5000C7464 /* AdviceWidgetLiveActivity.swift in Sources */,
				F559DAF5299116A5000C7464 /* AdviceWidget.swift in Sources */,
				F559DAFA299116A6000C7464 /* AdviceWidget.intentdefinition in Sources */,
				F559DAF1299116A5000C7464 /* AdviceWidgetBundle.swift in Sources */,
			);
			runOnlyForDeploymentPostprocessing = 0;
		};
/* End PBXSourcesBuildPhase section */

/* Begin PBXTargetDependency section */
		F559DAFD299116A6000C7464 /* PBXTargetDependency */ = {
			isa = PBXTargetDependency;
			target = F559DAE8299116A5000C7464 /* AdviceWidgetExtension */;
			targetProxy = F559DAFC299116A6000C7464 /* PBXContainerItemProxy */;
		};
/* End PBXTargetDependency section */

/* Begin XCBuildConfiguration section */
		F559DAE029911685000C7464 /* Debug */ = {
			isa = XCBuildConfiguration;
			buildSettings = {
				ALWAYS_SEARCH_USER_PATHS = NO;
				CLANG_ANALYZER_NONNULL = YES;
				CLANG_ANALYZER_NUMBER_OBJECT_CONVERSION = YES_AGGRESSIVE;
				CLANG_CXX_LANGUAGE_STANDARD = "gnu++20";
				CLANG_ENABLE_MODULES = YES;
				CLANG_ENABLE_OBJC_ARC = YES;
				CLANG_ENABLE_OBJC_WEAK = YES;
				CLANG_WARN_BLOCK_CAPTURE_AUTORELEASING = YES;
				CLANG_WARN_BOOL_CONVERSION = YES;
				CLANG_WARN_COMMA = YES;
				CLANG_WARN_CONSTANT_CONVERSION = YES;
				CLANG_WARN_DEPRECATED_OBJC_IMPLEMENTATIONS = YES;
				CLANG_WARN_DIRECT_OBJC_ISA_USAGE = YES_ERROR;
				CLANG_WARN_DOCUMENTATION_COMMENTS = YES;
				CLANG_WARN_EMPTY_BODY = YES;
				CLANG_WARN_ENUM_CONVERSION = YES;
				CLANG_WARN_INFINITE_RECURSION = YES;
				CLANG_WARN_INT_CONVERSION = YES;
				CLANG_WARN_NON_LITERAL_NULL_CONVERSION = YES;
				CLANG_WARN_OBJC_IMPLICIT_RETAIN_SELF = YES;
				CLANG_WARN_OBJC_LITERAL_CONVERSION = YES;
				CLANG_WARN_OBJC_ROOT_CLASS = YES_ERROR;
				CLANG_WARN_QUOTED_INCLUDE_IN_FRAMEWORK_HEADER = YES;
				CLANG_WARN_RANGE_LOOP_ANALYSIS = YES;
				CLANG_WARN_STRICT_PROTOTYPES = YES;
				CLANG_WARN_SUSPICIOUS_MOVE = YES;
				CLANG_WARN_UNGUARDED_AVAILABILITY = YES_AGGRESSIVE;
				CLANG_WARN_UNREACHABLE_CODE = YES;
				CLANG_WARN__DUPLICATE_METHOD_MATCH = YES;
				COPY_PHASE_STRIP = NO;
				DEBUG_INFORMATION_FORMAT = dwarf;
				ENABLE_STRICT_OBJC_MSGSEND = YES;
				ENABLE_TESTABILITY = YES;
				GCC_C_LANGUAGE_STANDARD = gnu11;
				GCC_DYNAMIC_NO_PIC = NO;
				GCC_NO_COMMON_BLOCKS = YES;
				GCC_OPTIMIZATION_LEVEL = 0;
				GCC_PREPROCESSOR_DEFINITIONS = (
					"DEBUG=1",
					"$(inherited)",
				);
				GCC_WARN_64_TO_32_BIT_CONVERSION = YES;
				GCC_WARN_ABOUT_RETURN_TYPE = YES_ERROR;
				GCC_WARN_UNDECLARED_SELECTOR = YES;
				GCC_WARN_UNINITIALIZED_AUTOS = YES_AGGRESSIVE;
				GCC_WARN_UNUSED_FUNCTION = YES;
				GCC_WARN_UNUSED_VARIABLE = YES;
				IPHONEOS_DEPLOYMENT_TARGET = 16.2;
				MTL_ENABLE_DEBUG_INFO = INCLUDE_SOURCE;
				MTL_FAST_MATH = YES;
				ONLY_ACTIVE_ARCH = YES;
				SDKROOT = iphoneos;
				SWIFT_ACTIVE_COMPILATION_CONDITIONS = DEBUG;
				SWIFT_OPTIMIZATION_LEVEL = "-Onone";
			};
			name = Debug;
		};
		F559DAE129911685000C7464 /* Release */ = {
			isa = XCBuildConfiguration;
			buildSettings = {
				ALWAYS_SEARCH_USER_PATHS = NO;
				CLANG_ANALYZER_NONNULL = YES;
				CLANG_ANALYZER_NUMBER_OBJECT_CONVERSION = YES_AGGRESSIVE;
				CLANG_CXX_LANGUAGE_STANDARD = "gnu++20";
				CLANG_ENABLE_MODULES = YES;
				CLANG_ENABLE_OBJC_ARC = YES;
				CLANG_ENABLE_OBJC_WEAK = YES;
				CLANG_WARN_BLOCK_CAPTURE_AUTORELEASING = YES;
				CLANG_WARN_BOOL_CONVERSION = YES;
				CLANG_WARN_COMMA = YES;
				CLANG_WARN_CONSTANT_CONVERSION = YES;
				CLANG_WARN_DEPRECATED_OBJC_IMPLEMENTATIONS = YES;
				CLANG_WARN_DIRECT_OBJC_ISA_USAGE = YES_ERROR;
				CLANG_WARN_DOCUMENTATION_COMMENTS = YES;
				CLANG_WARN_EMPTY_BODY = YES;
				CLANG_WARN_ENUM_CONVERSION = YES;
				CLANG_WARN_INFINITE_RECURSION = YES;
				CLANG_WARN_INT_CONVERSION = YES;
				CLANG_WARN_NON_LITERAL_NULL_CONVERSION = YES;
				CLANG_WARN_OBJC_IMPLICIT_RETAIN_SELF = YES;
				CLANG_WARN_OBJC_LITERAL_CONVERSION = YES;
				CLANG_WARN_OBJC_ROOT_CLASS = YES_ERROR;
				CLANG_WARN_QUOTED_INCLUDE_IN_FRAMEWORK_HEADER = YES;
				CLANG_WARN_RANGE_LOOP_ANALYSIS = YES;
				CLANG_WARN_STRICT_PROTOTYPES = YES;
				CLANG_WARN_SUSPICIOUS_MOVE = YES;
				CLANG_WARN_UNGUARDED_AVAILABILITY = YES_AGGRESSIVE;
				CLANG_WARN_UNREACHABLE_CODE = YES;
				CLANG_WARN__DUPLICATE_METHOD_MATCH = YES;
				COPY_PHASE_STRIP = NO;
				DEBUG_INFORMATION_FORMAT = "dwarf-with-dsym";
				ENABLE_NS_ASSERTIONS = NO;
				ENABLE_STRICT_OBJC_MSGSEND = YES;
				GCC_C_LANGUAGE_STANDARD = gnu11;
				GCC_NO_COMMON_BLOCKS = YES;
				GCC_WARN_64_TO_32_BIT_CONVERSION = YES;
				GCC_WARN_ABOUT_RETURN_TYPE = YES_ERROR;
				GCC_WARN_UNDECLARED_SELECTOR = YES;
				GCC_WARN_UNINITIALIZED_AUTOS = YES_AGGRESSIVE;
				GCC_WARN_UNUSED_FUNCTION = YES;
				GCC_WARN_UNUSED_VARIABLE = YES;
				IPHONEOS_DEPLOYMENT_TARGET = 16.2;
				MTL_ENABLE_DEBUG_INFO = NO;
				MTL_FAST_MATH = YES;
				SDKROOT = iphoneos;
				SWIFT_COMPILATION_MODE = wholemodule;
				SWIFT_OPTIMIZATION_LEVEL = "-O";
				VALIDATE_PRODUCT = YES;
			};
			name = Release;
		};
		F559DAE329911685000C7464 /* Debug */ = {
			isa = XCBuildConfiguration;
			buildSettings = {
				ALWAYS_EMBED_SWIFT_STANDARD_LIBRARIES = YES;
				ASSETCATALOG_COMPILER_APPICON_NAME = AppIcon;
				ASSETCATALOG_COMPILER_GLOBAL_ACCENT_COLOR_NAME = AccentColor;
				CODE_SIGN_STYLE = Automatic;
				CURRENT_PROJECT_VERSION = 1;
				DEVELOPMENT_ASSET_PATHS = "\"Advice/Preview Content\"";
				DEVELOPMENT_TEAM = A34GH6Z753;
				ENABLE_PREVIEWS = YES;
				GENERATE_INFOPLIST_FILE = YES;
				INFOPLIST_KEY_UIApplicationSceneManifest_Generation = YES;
				INFOPLIST_KEY_UIApplicationSupportsIndirectInputEvents = YES;
				INFOPLIST_KEY_UILaunchScreen_Generation = YES;
				INFOPLIST_KEY_UISupportedInterfaceOrientations_iPad = "UIInterfaceOrientationPortrait UIInterfaceOrientationPortraitUpsideDown UIInterfaceOrientationLandscapeLeft UIInterfaceOrientationLandscapeRight";
				INFOPLIST_KEY_UISupportedInterfaceOrientations_iPhone = "UIInterfaceOrientationPortrait UIInterfaceOrientationLandscapeLeft UIInterfaceOrientationLandscapeRight";
				LD_RUNPATH_SEARCH_PATHS = (
					"$(inherited)",
					"@executable_path/Frameworks",
				);
				MARKETING_VERSION = 1.0;
				PRODUCT_BUNDLE_IDENTIFIER = com.kamilcaglar.Advice;
				PRODUCT_NAME = "$(TARGET_NAME)";
				SWIFT_EMIT_LOC_STRINGS = YES;
				SWIFT_VERSION = 5.0;
				TARGETED_DEVICE_FAMILY = "1,2";
			};
			name = Debug;
		};
		F559DAE429911685000C7464 /* Release */ = {
			isa = XCBuildConfiguration;
			buildSettings = {
				ALWAYS_EMBED_SWIFT_STANDARD_LIBRARIES = YES;
				ASSETCATALOG_COMPILER_APPICON_NAME = AppIcon;
				ASSETCATALOG_COMPILER_GLOBAL_ACCENT_COLOR_NAME = AccentColor;
				CODE_SIGN_STYLE = Automatic;
				CURRENT_PROJECT_VERSION = 1;
				DEVELOPMENT_ASSET_PATHS = "\"Advice/Preview Content\"";
				DEVELOPMENT_TEAM = A34GH6Z753;
				ENABLE_PREVIEWS = YES;
				GENERATE_INFOPLIST_FILE = YES;
				INFOPLIST_KEY_UIApplicationSceneManifest_Generation = YES;
				INFOPLIST_KEY_UIApplicationSupportsIndirectInputEvents = YES;
				INFOPLIST_KEY_UILaunchScreen_Generation = YES;
				INFOPLIST_KEY_UISupportedInterfaceOrientations_iPad = "UIInterfaceOrientationPortrait UIInterfaceOrientationPortraitUpsideDown UIInterfaceOrientationLandscapeLeft UIInterfaceOrientationLandscapeRight";
				INFOPLIST_KEY_UISupportedInterfaceOrientations_iPhone = "UIInterfaceOrientationPortrait UIInterfaceOrientationLandscapeLeft UIInterfaceOrientationLandscapeRight";
				LD_RUNPATH_SEARCH_PATHS = (
					"$(inherited)",
					"@executable_path/Frameworks",
				);
				MARKETING_VERSION = 1.0;
				PRODUCT_BUNDLE_IDENTIFIER = com.kamilcaglar.Advice;
				PRODUCT_NAME = "$(TARGET_NAME)";
				SWIFT_EMIT_LOC_STRINGS = YES;
				SWIFT_VERSION = 5.0;
				TARGETED_DEVICE_FAMILY = "1,2";
			};
			name = Release;
		};
		F559DB00299116A6000C7464 /* Debug */ = {
			isa = XCBuildConfiguration;
			buildSettings = {
				ASSETCATALOG_COMPILER_GLOBAL_ACCENT_COLOR_NAME = AccentColor;
				ASSETCATALOG_COMPILER_WIDGET_BACKGROUND_COLOR_NAME = WidgetBackground;
				CODE_SIGN_STYLE = Automatic;
				CURRENT_PROJECT_VERSION = 1;
				DEVELOPMENT_TEAM = A34GH6Z753;
				GENERATE_INFOPLIST_FILE = YES;
				INFOPLIST_FILE = AdviceWidget/Info.plist;
				INFOPLIST_KEY_CFBundleDisplayName = AdviceWidget;
				INFOPLIST_KEY_NSHumanReadableCopyright = "";
				LD_RUNPATH_SEARCH_PATHS = (
					"$(inherited)",
					"@executable_path/Frameworks",
					"@executable_path/../../Frameworks",
				);
				MARKETING_VERSION = 1.0;
				PRODUCT_BUNDLE_IDENTIFIER = com.kamilcaglar.Advice.AdviceWidget;
				PRODUCT_NAME = "$(TARGET_NAME)";
				SKIP_INSTALL = YES;
				SWIFT_EMIT_LOC_STRINGS = YES;
				SWIFT_VERSION = 5.0;
				TARGETED_DEVICE_FAMILY = "1,2";
			};
			name = Debug;
		};
		F559DB01299116A6000C7464 /* Release */ = {
			isa = XCBuildConfiguration;
			buildSettings = {
				ASSETCATALOG_COMPILER_GLOBAL_ACCENT_COLOR_NAME = AccentColor;
				ASSETCATALOG_COMPILER_WIDGET_BACKGROUND_COLOR_NAME = WidgetBackground;
				CODE_SIGN_STYLE = Automatic;
				CURRENT_PROJECT_VERSION = 1;
				DEVELOPMENT_TEAM = A34GH6Z753;
				GENERATE_INFOPLIST_FILE = YES;
				INFOPLIST_FILE = AdviceWidget/Info.plist;
				INFOPLIST_KEY_CFBundleDisplayName = AdviceWidget;
				INFOPLIST_KEY_NSHumanReadableCopyright = "";
				LD_RUNPATH_SEARCH_PATHS = (
					"$(inherited)",
					"@executable_path/Frameworks",
					"@executable_path/../../Frameworks",
				);
				MARKETING_VERSION = 1.0;
				PRODUCT_BUNDLE_IDENTIFIER = com.kamilcaglar.Advice.AdviceWidget;
				PRODUCT_NAME = "$(TARGET_NAME)";
				SKIP_INSTALL = YES;
				SWIFT_EMIT_LOC_STRINGS = YES;
				SWIFT_VERSION = 5.0;
				TARGETED_DEVICE_FAMILY = "1,2";
			};
			name = Release;
		};
/* End XCBuildConfiguration section */

/* Begin XCConfigurationList section */
		F559DACF29911684000C7464 /* Build configuration list for PBXProject "Advice" */ = {
			isa = XCConfigurationList;
			buildConfigurations = (
				F559DAE029911685000C7464 /* Debug */,
				F559DAE129911685000C7464 /* Release */,
			);
			defaultConfigurationIsVisible = 0;
			defaultConfigurationName = Release;
		};
		F559DAE229911685000C7464 /* Build configuration list for PBXNativeTarget "Advice" */ = {
			isa = XCConfigurationList;
			buildConfigurations = (
				F559DAE329911685000C7464 /* Debug */,
				F559DAE429911685000C7464 /* Release */,
			);
			defaultConfigurationIsVisible = 0;
			defaultConfigurationName = Release;
		};
		F559DAFF299116A6000C7464 /* Build configuration list for PBXNativeTarget "AdviceWidgetExtension" */ = {
			isa = XCConfigurationList;
			buildConfigurations = (
				F559DB00299116A6000C7464 /* Debug */,
				F559DB01299116A6000C7464 /* Release */,
			);
			defaultConfigurationIsVisible = 0;
			defaultConfigurationName = Release;
		};
/* End XCConfigurationList section */
	};
	rootObject = F559DACC29911684000C7464 /* Project object */;
}
